// !$*UTF8*$!
{
	archiveVersion = 1;
	classes = {
	};
	objectVersion = 77;
	objects = {

/* Begin PBXBuildFile section */
		C68D8AA62E8A2E6600165A1A /* FirebaseAI in Frameworks */ = {isa = PBXBuildFile; productRef = C68D8AA52E8A2E6600165A1A /* FirebaseAI */; };
		C68D8AA82E8A2E6600165A1A /* FirebaseAnalytics in Frameworks */ = {isa = PBXBuildFile; productRef = C68D8AA72E8A2E6600165A1A /* FirebaseAnalytics */; };
		C68D8AAA2E8A2E6600165A1A /* FirebaseAnalyticsCore in Frameworks */ = {isa = PBXBuildFile; productRef = C68D8AA92E8A2E6600165A1A /* FirebaseAnalyticsCore */; };
		C68D8AAC2E8A2E6600165A1A /* FirebaseAnalyticsIdentitySupport in Frameworks */ = {isa = PBXBuildFile; productRef = C68D8AAB2E8A2E6600165A1A /* FirebaseAnalyticsIdentitySupport */; };
		C68D8AAE2E8A2E6600165A1A /* FirebaseAppCheck in Frameworks */ = {isa = PBXBuildFile; productRef = C68D8AAD2E8A2E6600165A1A /* FirebaseAppCheck */; };
		C68D8AB02E8A2E6600165A1A /* FirebaseAppDistribution-Beta in Frameworks */ = {isa = PBXBuildFile; productRef = C68D8AAF2E8A2E6600165A1A /* FirebaseAppDistribution-Beta */; };
		C68D8AB22E8A2E6600165A1A /* FirebaseAuth in Frameworks */ = {isa = PBXBuildFile; productRef = C68D8AB12E8A2E6600165A1A /* FirebaseAuth */; };
		C68D8AB42E8A2E6600165A1A /* FirebaseAuthCombine-Community in Frameworks */ = {isa = PBXBuildFile; productRef = C68D8AB32E8A2E6600165A1A /* FirebaseAuthCombine-Community */; };
		C68D8AB62E8A2E6600165A1A /* FirebaseCore in Frameworks */ = {isa = PBXBuildFile; productRef = C68D8AB52E8A2E6600165A1A /* FirebaseCore */; };
		C68D8AB82E8A2E6600165A1A /* FirebaseCrashlytics in Frameworks */ = {isa = PBXBuildFile; productRef = C68D8AB72E8A2E6600165A1A /* FirebaseCrashlytics */; };
		C68D8ABA2E8A2E6600165A1A /* FirebaseDatabase in Frameworks */ = {isa = PBXBuildFile; productRef = C68D8AB92E8A2E6600165A1A /* FirebaseDatabase */; };
		C68D8ABC2E8A2E6600165A1A /* FirebaseFirestore in Frameworks */ = {isa = PBXBuildFile; productRef = C68D8ABB2E8A2E6600165A1A /* FirebaseFirestore */; };
		C68D8ABE2E8A2E6600165A1A /* FirebaseFirestoreCombine-Community in Frameworks */ = {isa = PBXBuildFile; productRef = C68D8ABD2E8A2E6600165A1A /* FirebaseFirestoreCombine-Community */; };
		C68D8AC02E8A2E6600165A1A /* FirebaseFunctions in Frameworks */ = {isa = PBXBuildFile; productRef = C68D8ABF2E8A2E6600165A1A /* FirebaseFunctions */; };
		C68D8AC22E8A2E6600165A1A /* FirebaseFunctionsCombine-Community in Frameworks */ = {isa = PBXBuildFile; productRef = C68D8AC12E8A2E6600165A1A /* FirebaseFunctionsCombine-Community */; };
		C68D8AC42E8A2E6600165A1A /* FirebaseInAppMessaging-Beta in Frameworks */ = {isa = PBXBuildFile; productRef = C68D8AC32E8A2E6600165A1A /* FirebaseInAppMessaging-Beta */; };
		C68D8AC62E8A2E6600165A1A /* FirebaseInstallations in Frameworks */ = {isa = PBXBuildFile; productRef = C68D8AC52E8A2E6600165A1A /* FirebaseInstallations */; };
		C68D8AC82E8A2E6600165A1A /* FirebaseMLModelDownloader in Frameworks */ = {isa = PBXBuildFile; productRef = C68D8AC72E8A2E6600165A1A /* FirebaseMLModelDownloader */; };
		C68D8ACA2E8A2E6600165A1A /* FirebaseMessaging in Frameworks */ = {isa = PBXBuildFile; productRef = C68D8AC92E8A2E6600165A1A /* FirebaseMessaging */; };
		C68D8ACC2E8A2E6600165A1A /* FirebasePerformance in Frameworks */ = {isa = PBXBuildFile; productRef = C68D8ACB2E8A2E6600165A1A /* FirebasePerformance */; };
		C68D8ACE2E8A2E6600165A1A /* FirebaseRemoteConfig in Frameworks */ = {isa = PBXBuildFile; productRef = C68D8ACD2E8A2E6600165A1A /* FirebaseRemoteConfig */; };
		C68D8AD02E8A2E6600165A1A /* FirebaseStorage in Frameworks */ = {isa = PBXBuildFile; productRef = C68D8ACF2E8A2E6600165A1A /* FirebaseStorage */; };
		C68D8AD22E8A2E6600165A1A /* FirebaseStorageCombine-Community in Frameworks */ = {isa = PBXBuildFile; productRef = C68D8AD12E8A2E6600165A1A /* FirebaseStorageCombine-Community */; };
/* End PBXBuildFile section */

/* Begin PBXContainerItemProxy section */
		C6852F8B2E67B5F3000DBA3D /* PBXContainerItemProxy */ = {
			isa = PBXContainerItemProxy;
			containerPortal = C6852F752E67B5F2000DBA3D /* Project object */;
			proxyType = 1;
			remoteGlobalIDString = C6852F7C2E67B5F2000DBA3D;
			remoteInfo = CircleYa;
		};
		C6852F952E67B5F3000DBA3D /* PBXContainerItemProxy */ = {
			isa = PBXContainerItemProxy;
			containerPortal = C6852F752E67B5F2000DBA3D /* Project object */;
			proxyType = 1;
			remoteGlobalIDString = C6852F7C2E67B5F2000DBA3D;
			remoteInfo = CircleYa;
		};
/* End PBXContainerItemProxy section */

/* Begin PBXFileReference section */
		C6852F7D2E67B5F2000DBA3D /* CircleYa.app */ = {isa = PBXFileReference; explicitFileType = wrapper.application; includeInIndex = 0; path = CircleYa.app; sourceTree = BUILT_PRODUCTS_DIR; };
		C6852F8A2E67B5F3000DBA3D /* CircleYaTests.xctest */ = {isa = PBXFileReference; explicitFileType = wrapper.cfbundle; includeInIndex = 0; path = CircleYaTests.xctest; sourceTree = BUILT_PRODUCTS_DIR; };
		C6852F942E67B5F3000DBA3D /* CircleYaUITests.xctest */ = {isa = PBXFileReference; explicitFileType = wrapper.cfbundle; includeInIndex = 0; path = CircleYaUITests.xctest; sourceTree = BUILT_PRODUCTS_DIR; };
/* End PBXFileReference section */

/* Begin PBXFileSystemSynchronizedRootGroup section */
		C6852F7F2E67B5F2000DBA3D /* CircleYa */ = {
			isa = PBXFileSystemSynchronizedRootGroup;
			path = CircleYa;
			sourceTree = "<group>";
		};
		C6852F8D2E67B5F3000DBA3D /* CircleYaTests */ = {
			isa = PBXFileSystemSynchronizedRootGroup;
			path = CircleYaTests;
			sourceTree = "<group>";
		};
		C6852F972E67B5F3000DBA3D /* CircleYaUITests */ = {
			isa = PBXFileSystemSynchronizedRootGroup;
			path = CircleYaUITests;
			sourceTree = "<group>";
		};
/* End PBXFileSystemSynchronizedRootGroup section */

/* Begin PBXFrameworksBuildPhase section */
		C6852F7A2E67B5F2000DBA3D /* Frameworks */ = {
			isa = PBXFrameworksBuildPhase;
			buildActionMask = 2147483647;
			files = (
				C68D8ABE2E8A2E6600165A1A /* FirebaseFirestoreCombine-Community in Frameworks */,
				C68D8AC02E8A2E6600165A1A /* FirebaseFunctions in Frameworks */,
				C68D8ACC2E8A2E6600165A1A /* FirebasePerformance in Frameworks */,
				C68D8AD22E8A2E6600165A1A /* FirebaseStorageCombine-Community in Frameworks */,
				C68D8ACE2E8A2E6600165A1A /* FirebaseRemoteConfig in Frameworks */,
				C68D8AAC2E8A2E6600165A1A /* FirebaseAnalyticsIdentitySupport in Frameworks */,
				C68D8AA82E8A2E6600165A1A /* FirebaseAnalytics in Frameworks */,
				C68D8AAA2E8A2E6600165A1A /* FirebaseAnalyticsCore in Frameworks */,
				C68D8AAE2E8A2E6600165A1A /* FirebaseAppCheck in Frameworks */,
				C68D8AA62E8A2E6600165A1A /* FirebaseAI in Frameworks */,
				C68D8ABC2E8A2E6600165A1A /* FirebaseFirestore in Frameworks */,
				C68D8ACA2E8A2E6600165A1A /* FirebaseMessaging in Frameworks */,
				C68D8AC62E8A2E6600165A1A /* FirebaseInstallations in Frameworks */,
				C68D8AC22E8A2E6600165A1A /* FirebaseFunctionsCombine-Community in Frameworks */,
				C68D8AB22E8A2E6600165A1A /* FirebaseAuth in Frameworks */,
				C68D8AB02E8A2E6600165A1A /* FirebaseAppDistribution-Beta in Frameworks */,
				C68D8AC42E8A2E6600165A1A /* FirebaseInAppMessaging-Beta in Frameworks */,
				C68D8AB82E8A2E6600165A1A /* FirebaseCrashlytics in Frameworks */,
				C68D8ABA2E8A2E6600165A1A /* FirebaseDatabase in Frameworks */,
				C68D8AC82E8A2E6600165A1A /* FirebaseMLModelDownloader in Frameworks */,
				C68D8AD02E8A2E6600165A1A /* FirebaseStorage in Frameworks */,
				C68D8AB62E8A2E6600165A1A /* FirebaseCore in Frameworks */,
				C68D8AB42E8A2E6600165A1A /* FirebaseAuthCombine-Community in Frameworks */,
			);
			runOnlyForDeploymentPostprocessing = 0;
		};
		C6852F872E67B5F3000DBA3D /* Frameworks */ = {
			isa = PBXFrameworksBuildPhase;
			buildActionMask = 2147483647;
			files = (
			);
			runOnlyForDeploymentPostprocessing = 0;
		};
		C6852F912E67B5F3000DBA3D /* Frameworks */ = {
			isa = PBXFrameworksBuildPhase;
			buildActionMask = 2147483647;
			files = (
			);
			runOnlyForDeploymentPostprocessing = 0;
		};
/* End PBXFrameworksBuildPhase section */

/* Begin PBXGroup section */
		C6852F742E67B5F2000DBA3D = {
			isa = PBXGroup;
			children = (
				C6852F7F2E67B5F2000DBA3D /* CircleYa */,
				C6852F8D2E67B5F3000DBA3D /* CircleYaTests */,
				C6852F972E67B5F3000DBA3D /* CircleYaUITests */,
				C6852F7E2E67B5F2000DBA3D /* Products */,
			);
			sourceTree = "<group>";
		};
		C6852F7E2E67B5F2000DBA3D /* Products */ = {
			isa = PBXGroup;
			children = (
				C6852F7D2E67B5F2000DBA3D /* CircleYa.app */,
				C6852F8A2E67B5F3000DBA3D /* CircleYaTests.xctest */,
				C6852F942E67B5F3000DBA3D /* CircleYaUITests.xctest */,
			);
			name = Products;
			sourceTree = "<group>";
		};
/* End PBXGroup section */

/* Begin PBXNativeTarget section */
		C6852F7C2E67B5F2000DBA3D /* CircleYa */ = {
			isa = PBXNativeTarget;
			buildConfigurationList = C6852F9E2E67B5F3000DBA3D /* Build configuration list for PBXNativeTarget "CircleYa" */;
			buildPhases = (
				C6852F792E67B5F2000DBA3D /* Sources */,
				C6852F7A2E67B5F2000DBA3D /* Frameworks */,
				C66423BA2E9ABC5D00063B50 /* Resources */,
			);
			buildRules = (
			);
			dependencies = (
			);
			fileSystemSynchronizedGroups = (
				C6852F7F2E67B5F2000DBA3D /* CircleYa */,
			);
			name = CircleYa;
			packageProductDependencies = (
				C68D8AA52E8A2E6600165A1A /* FirebaseAI */,
				C68D8AA72E8A2E6600165A1A /* FirebaseAnalytics */,
				C68D8AA92E8A2E6600165A1A /* FirebaseAnalyticsCore */,
				C68D8AAB2E8A2E6600165A1A /* FirebaseAnalyticsIdentitySupport */,
				C68D8AAD2E8A2E6600165A1A /* FirebaseAppCheck */,
				C68D8AAF2E8A2E6600165A1A /* FirebaseAppDistribution-Beta */,
				C68D8AB12E8A2E6600165A1A /* FirebaseAuth */,
				C68D8AB32E8A2E6600165A1A /* FirebaseAuthCombine-Community */,
				C68D8AB52E8A2E6600165A1A /* FirebaseCore */,
				C68D8AB72E8A2E6600165A1A /* FirebaseCrashlytics */,
				C68D8AB92E8A2E6600165A1A /* FirebaseDatabase */,
				C68D8ABB2E8A2E6600165A1A /* FirebaseFirestore */,
				C68D8ABD2E8A2E6600165A1A /* FirebaseFirestoreCombine-Community */,
				C68D8ABF2E8A2E6600165A1A /* FirebaseFunctions */,
				C68D8AC12E8A2E6600165A1A /* FirebaseFunctionsCombine-Community */,
				C68D8AC32E8A2E6600165A1A /* FirebaseInAppMessaging-Beta */,
				C68D8AC52E8A2E6600165A1A /* FirebaseInstallations */,
				C68D8AC72E8A2E6600165A1A /* FirebaseMLModelDownloader */,
				C68D8AC92E8A2E6600165A1A /* FirebaseMessaging */,
				C68D8ACB2E8A2E6600165A1A /* FirebasePerformance */,
				C68D8ACD2E8A2E6600165A1A /* FirebaseRemoteConfig */,
				C68D8ACF2E8A2E6600165A1A /* FirebaseStorage */,
				C68D8AD12E8A2E6600165A1A /* FirebaseStorageCombine-Community */,
			);
			productName = CircleYa;
			productReference = C6852F7D2E67B5F2000DBA3D /* CircleYa.app */;
			productType = "com.apple.product-type.application";
		};
		C6852F892E67B5F3000DBA3D /* CircleYaTests */ = {
			isa = PBXNativeTarget;
			buildConfigurationList = C6852FA12E67B5F3000DBA3D /* Build configuration list for PBXNativeTarget "CircleYaTests" */;
			buildPhases = (
				C6852F862E67B5F3000DBA3D /* Sources */,
				C6852F872E67B5F3000DBA3D /* Frameworks */,
				C6852F882E67B5F3000DBA3D /* Resources */,
			);
			buildRules = (
			);
			dependencies = (
				C6852F8C2E67B5F3000DBA3D /* PBXTargetDependency */,
			);
			fileSystemSynchronizedGroups = (
				C6852F8D2E67B5F3000DBA3D /* CircleYaTests */,
			);
			name = CircleYaTests;
			productName = CircleYaTests;
			productReference = C6852F8A2E67B5F3000DBA3D /* CircleYaTests.xctest */;
			productType = "com.apple.product-type.bundle.unit-test";
		};
		C6852F932E67B5F3000DBA3D /* CircleYaUITests */ = {
			isa = PBXNativeTarget;
			buildConfigurationList = C6852FA42E67B5F3000DBA3D /* Build configuration list for PBXNativeTarget "CircleYaUITests" */;
			buildPhases = (
				C6852F902E67B5F3000DBA3D /* Sources */,
				C6852F912E67B5F3000DBA3D /* Frameworks */,
				C6852F922E67B5F3000DBA3D /* Resources */,
			);
			buildRules = (
			);
			dependencies = (
				C6852F962E67B5F3000DBA3D /* PBXTargetDependency */,
			);
			fileSystemSynchronizedGroups = (
				C6852F972E67B5F3000DBA3D /* CircleYaUITests */,
			);
			name = CircleYaUITests;
			productName = CircleYaUITests;
			productReference = C6852F942E67B5F3000DBA3D /* CircleYaUITests.xctest */;
			productType = "com.apple.product-type.bundle.ui-testing";
		};
/* End PBXNativeTarget section */

/* Begin PBXProject section */
		C6852F752E67B5F2000DBA3D /* Project object */ = {
			isa = PBXProject;
			attributes = {
				BuildIndependentTargetsInParallel = 1;
				LastSwiftUpdateCheck = 1640;
				LastUpgradeCheck = 1640;
				TargetAttributes = {
					C6852F7C2E67B5F2000DBA3D = {
						CreatedOnToolsVersion = 16.4;
					};
					C6852F892E67B5F3000DBA3D = {
						CreatedOnToolsVersion = 16.4;
						TestTargetID = C6852F7C2E67B5F2000DBA3D;
					};
					C6852F932E67B5F3000DBA3D = {
						CreatedOnToolsVersion = 16.4;
						TestTargetID = C6852F7C2E67B5F2000DBA3D;
					};
				};
			};
			buildConfigurationList = C6852F782E67B5F2000DBA3D /* Build configuration list for PBXProject "CircleYa" */;
			developmentRegion = en;
			hasScannedForEncodings = 0;
			knownRegions = (
				en,
				Base,
			);
			mainGroup = C6852F742E67B5F2000DBA3D;
			minimizedProjectReferenceProxies = 1;
			packageReferences = (
				C68D8AA42E8A2D9700165A1A /* XCRemoteSwiftPackageReference "firebase-ios-sdk" */,
			);
			preferredProjectObjectVersion = 77;
			productRefGroup = C6852F7E2E67B5F2000DBA3D /* Products */;
			projectDirPath = "";
			projectRoot = "";
			targets = (
				C6852F7C2E67B5F2000DBA3D /* CircleYa */,
				C6852F892E67B5F3000DBA3D /* CircleYaTests */,
				C6852F932E67B5F3000DBA3D /* CircleYaUITests */,
			);
		};
/* End PBXProject section */

/* Begin PBXResourcesBuildPhase section */
		C66423BA2E9ABC5D00063B50 /* Resources */ = {
			isa = PBXResourcesBuildPhase;
			buildActionMask = 2147483647;
			files = (
			);
			runOnlyForDeploymentPostprocessing = 0;
		};
		C6852F882E67B5F3000DBA3D /* Resources */ = {
			isa = PBXResourcesBuildPhase;
			buildActionMask = 2147483647;
			files = (
			);
			runOnlyForDeploymentPostprocessing = 0;
		};
		C6852F922E67B5F3000DBA3D /* Resources */ = {
			isa = PBXResourcesBuildPhase;
			buildActionMask = 2147483647;
			files = (
			);
			runOnlyForDeploymentPostprocessing = 0;
		};
/* End PBXResourcesBuildPhase section */

/* Begin PBXSourcesBuildPhase section */
		C6852F792E67B5F2000DBA3D /* Sources */ = {
			isa = PBXSourcesBuildPhase;
			buildActionMask = 2147483647;
			files = (
			);
			runOnlyForDeploymentPostprocessing = 0;
		};
		C6852F862E67B5F3000DBA3D /* Sources */ = {
			isa = PBXSourcesBuildPhase;
			buildActionMask = 2147483647;
			files = (
			);
			runOnlyForDeploymentPostprocessing = 0;
		};
		C6852F902E67B5F3000DBA3D /* Sources */ = {
			isa = PBXSourcesBuildPhase;
			buildActionMask = 2147483647;
			files = (
			);
			runOnlyForDeploymentPostprocessing = 0;
		};
/* End PBXSourcesBuildPhase section */

/* Begin PBXTargetDependency section */
		C6852F8C2E67B5F3000DBA3D /* PBXTargetDependency */ = {
			isa = PBXTargetDependency;
			target = C6852F7C2E67B5F2000DBA3D /* CircleYa */;
			targetProxy = C6852F8B2E67B5F3000DBA3D /* PBXContainerItemProxy */;
		};
		C6852F962E67B5F3000DBA3D /* PBXTargetDependency */ = {
			isa = PBXTargetDependency;
			target = C6852F7C2E67B5F2000DBA3D /* CircleYa */;
			targetProxy = C6852F952E67B5F3000DBA3D /* PBXContainerItemProxy */;
		};
/* End PBXTargetDependency section */

/* Begin XCBuildConfiguration section */
		C6852F9C2E67B5F3000DBA3D /* Debug */ = {
			isa = XCBuildConfiguration;
			buildSettings = {
				ALWAYS_SEARCH_USER_PATHS = NO;
				ASSETCATALOG_COMPILER_GENERATE_SWIFT_ASSET_SYMBOL_EXTENSIONS = YES;
				CLANG_ANALYZER_NONNULL = YES;
				CLANG_ANALYZER_NUMBER_OBJECT_CONVERSION = YES_AGGRESSIVE;
				CLANG_CXX_LANGUAGE_STANDARD = "gnu++20";
				CLANG_ENABLE_MODULES = YES;
				CLANG_ENABLE_OBJC_ARC = YES;
				CLANG_ENABLE_OBJC_WEAK = YES;
				CLANG_WARN_BLOCK_CAPTURE_AUTORELEASING = YES;
				CLANG_WARN_BOOL_CONVERSION = YES;
				CLANG_WARN_COMMA = YES;
				CLANG_WARN_CONSTANT_CONVERSION = YES;
				CLANG_WARN_DEPRECATED_OBJC_IMPLEMENTATIONS = YES;
				CLANG_WARN_DIRECT_OBJC_ISA_USAGE = YES_ERROR;
				CLANG_WARN_DOCUMENTATION_COMMENTS = YES;
				CLANG_WARN_EMPTY_BODY = YES;
				CLANG_WARN_ENUM_CONVERSION = YES;
				CLANG_WARN_INFINITE_RECURSION = YES;
				CLANG_WARN_INT_CONVERSION = YES;
				CLANG_WARN_NON_LITERAL_NULL_CONVERSION = YES;
				CLANG_WARN_OBJC_IMPLICIT_RETAIN_SELF = YES;
				CLANG_WARN_OBJC_LITERAL_CONVERSION = YES;
				CLANG_WARN_OBJC_ROOT_CLASS = YES_ERROR;
				CLANG_WARN_QUOTED_INCLUDE_IN_FRAMEWORK_HEADER = YES;
				CLANG_WARN_RANGE_LOOP_ANALYSIS = YES;
				CLANG_WARN_STRICT_PROTOTYPES = YES;
				CLANG_WARN_SUSPICIOUS_MOVE = YES;
				CLANG_WARN_UNGUARDED_AVAILABILITY = YES_AGGRESSIVE;
				CLANG_WARN_UNREACHABLE_CODE = YES;
				CLANG_WARN__DUPLICATE_METHOD_MATCH = YES;
				COPY_PHASE_STRIP = NO;
				DEBUG_INFORMATION_FORMAT = dwarf;
				ENABLE_STRICT_OBJC_MSGSEND = YES;
				ENABLE_TESTABILITY = YES;
				ENABLE_USER_SCRIPT_SANDBOXING = YES;
				GCC_C_LANGUAGE_STANDARD = gnu17;
				GCC_DYNAMIC_NO_PIC = NO;
				GCC_NO_COMMON_BLOCKS = YES;
				GCC_OPTIMIZATION_LEVEL = 0;
				GCC_PREPROCESSOR_DEFINITIONS = (
					"DEBUG=1",
					"$(inherited)",
				);
				GCC_WARN_64_TO_32_BIT_CONVERSION = YES;
				GCC_WARN_ABOUT_RETURN_TYPE = YES_ERROR;
				GCC_WARN_UNDECLARED_SELECTOR = YES;
				GCC_WARN_UNINITIALIZED_AUTOS = YES_AGGRESSIVE;
				GCC_WARN_UNUSED_FUNCTION = YES;
				GCC_WARN_UNUSED_VARIABLE = YES;
				IPHONEOS_DEPLOYMENT_TARGET = 18.5;
				LOCALIZATION_PREFERS_STRING_CATALOGS = YES;
				MTL_ENABLE_DEBUG_INFO = INCLUDE_SOURCE;
				MTL_FAST_MATH = YES;
				ONLY_ACTIVE_ARCH = YES;
				SDKROOT = iphoneos;
				SWIFT_ACTIVE_COMPILATION_CONDITIONS = "DEBUG $(inherited)";
				SWIFT_OPTIMIZATION_LEVEL = "-Onone";
			};
			name = Debug;
		};
		C6852F9D2E67B5F3000DBA3D /* Release */ = {
			isa = XCBuildConfiguration;
			buildSettings = {
				ALWAYS_SEARCH_USER_PATHS = NO;
				ASSETCATALOG_COMPILER_GENERATE_SWIFT_ASSET_SYMBOL_EXTENSIONS = YES;
				CLANG_ANALYZER_NONNULL = YES;
				CLANG_ANALYZER_NUMBER_OBJECT_CONVERSION = YES_AGGRESSIVE;
				CLANG_CXX_LANGUAGE_STANDARD = "gnu++20";
				CLANG_ENABLE_MODULES = YES;
				CLANG_ENABLE_OBJC_ARC = YES;
				CLANG_ENABLE_OBJC_WEAK = YES;
				CLANG_WARN_BLOCK_CAPTURE_AUTORELEASING = YES;
				CLANG_WARN_BOOL_CONVERSION = YES;
				CLANG_WARN_COMMA = YES;
				CLANG_WARN_CONSTANT_CONVERSION = YES;
				CLANG_WARN_DEPRECATED_OBJC_IMPLEMENTATIONS = YES;
				CLANG_WARN_DIRECT_OBJC_ISA_USAGE = YES_ERROR;
				CLANG_WARN_DOCUMENTATION_COMMENTS = YES;
				CLANG_WARN_EMPTY_BODY = YES;
				CLANG_WARN_ENUM_CONVERSION = YES;
				CLANG_WARN_INFINITE_RECURSION = YES;
				CLANG_WARN_INT_CONVERSION = YES;
				CLANG_WARN_NON_LITERAL_NULL_CONVERSION = YES;
				CLANG_WARN_OBJC_IMPLICIT_RETAIN_SELF = YES;
				CLANG_WARN_OBJC_LITERAL_CONVERSION = YES;
				CLANG_WARN_OBJC_ROOT_CLASS = YES_ERROR;
				CLANG_WARN_QUOTED_INCLUDE_IN_FRAMEWORK_HEADER = YES;
				CLANG_WARN_RANGE_LOOP_ANALYSIS = YES;
				CLANG_WARN_STRICT_PROTOTYPES = YES;
				CLANG_WARN_SUSPICIOUS_MOVE = YES;
				CLANG_WARN_UNGUARDED_AVAILABILITY = YES_AGGRESSIVE;
				CLANG_WARN_UNREACHABLE_CODE = YES;
				CLANG_WARN__DUPLICATE_METHOD_MATCH = YES;
				COPY_PHASE_STRIP = NO;
				DEBUG_INFORMATION_FORMAT = "dwarf-with-dsym";
				ENABLE_NS_ASSERTIONS = NO;
				ENABLE_STRICT_OBJC_MSGSEND = YES;
				ENABLE_USER_SCRIPT_SANDBOXING = YES;
				GCC_C_LANGUAGE_STANDARD = gnu17;
				GCC_NO_COMMON_BLOCKS = YES;
				GCC_WARN_64_TO_32_BIT_CONVERSION = YES;
				GCC_WARN_ABOUT_RETURN_TYPE = YES_ERROR;
				GCC_WARN_UNDECLARED_SELECTOR = YES;
				GCC_WARN_UNINITIALIZED_AUTOS = YES_AGGRESSIVE;
				GCC_WARN_UNUSED_FUNCTION = YES;
				GCC_WARN_UNUSED_VARIABLE = YES;
				IPHONEOS_DEPLOYMENT_TARGET = 18.5;
				LOCALIZATION_PREFERS_STRING_CATALOGS = YES;
				MTL_ENABLE_DEBUG_INFO = NO;
				MTL_FAST_MATH = YES;
				SDKROOT = iphoneos;
				SWIFT_COMPILATION_MODE = wholemodule;
				VALIDATE_PRODUCT = YES;
			};
			name = Release;
		};
		C6852F9F2E67B5F3000DBA3D /* Debug */ = {
			isa = XCBuildConfiguration;
			buildSettings = {
				ASSETCATALOG_COMPILER_APPICON_NAME = AppIcon;
				ASSETCATALOG_COMPILER_GLOBAL_ACCENT_COLOR_NAME = AccentColor;
				CODE_SIGN_STYLE = Automatic;
				CURRENT_PROJECT_VERSION = 1;
				DEVELOPMENT_TEAM = 8UA3F89T58;
				ENABLE_PREVIEWS = YES;
				GENERATE_INFOPLIST_FILE = YES;
				INFOPLIST_KEY_UIApplicationSceneManifest_Generation = YES;
				INFOPLIST_KEY_UIApplicationSupportsIndirectInputEvents = YES;
				INFOPLIST_KEY_UILaunchScreen_Generation = YES;
				INFOPLIST_KEY_UISupportedInterfaceOrientations_iPad = "UIInterfaceOrientationPortrait UIInterfaceOrientationPortraitUpsideDown UIInterfaceOrientationLandscapeLeft UIInterfaceOrientationLandscapeRight";
				INFOPLIST_KEY_UISupportedInterfaceOrientations_iPhone = "UIInterfaceOrientationPortrait UIInterfaceOrientationLandscapeLeft UIInterfaceOrientationLandscapeRight";
				LD_RUNPATH_SEARCH_PATHS = (
					"$(inherited)",
					"@executable_path/Frameworks",
				);
				MARKETING_VERSION = 1.0;
				PRODUCT_BUNDLE_IDENTIFIER = com.andrewwang.3Minutes;
				PRODUCT_NAME = "$(TARGET_NAME)";
				SWIFT_EMIT_LOC_STRINGS = YES;
				SWIFT_VERSION = 5.0;
				TARGETED_DEVICE_FAMILY = "1,2";
			};
			name = Debug;
		};
		C6852FA02E67B5F3000DBA3D /* Release */ = {
			isa = XCBuildConfiguration;
			buildSettings = {
				ASSETCATALOG_COMPILER_APPICON_NAME = AppIcon;
				ASSETCATALOG_COMPILER_GLOBAL_ACCENT_COLOR_NAME = AccentColor;
				CODE_SIGN_STYLE = Automatic;
				CURRENT_PROJECT_VERSION = 1;
				DEVELOPMENT_TEAM = 8UA3F89T58;
				ENABLE_PREVIEWS = YES;
				GENERATE_INFOPLIST_FILE = YES;
				INFOPLIST_KEY_UIApplicationSceneManifest_Generation = YES;
				INFOPLIST_KEY_UIApplicationSupportsIndirectInputEvents = YES;
				INFOPLIST_KEY_UILaunchScreen_Generation = YES;
				INFOPLIST_KEY_UISupportedInterfaceOrientations_iPad = "UIInterfaceOrientationPortrait UIInterfaceOrientationPortraitUpsideDown UIInterfaceOrientationLandscapeLeft UIInterfaceOrientationLandscapeRight";
				INFOPLIST_KEY_UISupportedInterfaceOrientations_iPhone = "UIInterfaceOrientationPortrait UIInterfaceOrientationLandscapeLeft UIInterfaceOrientationLandscapeRight";
				LD_RUNPATH_SEARCH_PATHS = (
					"$(inherited)",
					"@executable_path/Frameworks",
				);
				MARKETING_VERSION = 1.0;
				PRODUCT_BUNDLE_IDENTIFIER = com.andrewwang.3Minutes;
				PRODUCT_NAME = "$(TARGET_NAME)";
				SWIFT_EMIT_LOC_STRINGS = YES;
				SWIFT_VERSION = 5.0;
				TARGETED_DEVICE_FAMILY = "1,2";
			};
			name = Release;
		};
		C6852FA22E67B5F3000DBA3D /* Debug */ = {
			isa = XCBuildConfiguration;
			buildSettings = {
				BUNDLE_LOADER = "$(TEST_HOST)";
				CODE_SIGN_STYLE = Automatic;
				CURRENT_PROJECT_VERSION = 1;
				GENERATE_INFOPLIST_FILE = YES;
				IPHONEOS_DEPLOYMENT_TARGET = 18.5;
				MARKETING_VERSION = 1.0;
				PRODUCT_BUNDLE_IDENTIFIER = CircleYa.CircleYaTests;
				PRODUCT_NAME = "$(TARGET_NAME)";
				SWIFT_EMIT_LOC_STRINGS = NO;
				SWIFT_VERSION = 5.0;
				TARGETED_DEVICE_FAMILY = "1,2";
				TEST_HOST = "$(BUILT_PRODUCTS_DIR)/CircleYa.app/$(BUNDLE_EXECUTABLE_FOLDER_PATH)/CircleYa";
			};
			name = Debug;
		};
		C6852FA32E67B5F3000DBA3D /* Release */ = {
			isa = XCBuildConfiguration;
			buildSettings = {
				BUNDLE_LOADER = "$(TEST_HOST)";
				CODE_SIGN_STYLE = Automatic;
				CURRENT_PROJECT_VERSION = 1;
				GENERATE_INFOPLIST_FILE = YES;
				IPHONEOS_DEPLOYMENT_TARGET = 18.5;
				MARKETING_VERSION = 1.0;
				PRODUCT_BUNDLE_IDENTIFIER = CircleYa.CircleYaTests;
				PRODUCT_NAME = "$(TARGET_NAME)";
				SWIFT_EMIT_LOC_STRINGS = NO;
				SWIFT_VERSION = 5.0;
				TARGETED_DEVICE_FAMILY = "1,2";
				TEST_HOST = "$(BUILT_PRODUCTS_DIR)/CircleYa.app/$(BUNDLE_EXECUTABLE_FOLDER_PATH)/CircleYa";
			};
			name = Release;
		};
		C6852FA52E67B5F3000DBA3D /* Debug */ = {
			isa = XCBuildConfiguration;
			buildSettings = {
				CODE_SIGN_STYLE = Automatic;
				CURRENT_PROJECT_VERSION = 1;
				GENERATE_INFOPLIST_FILE = YES;
				MARKETING_VERSION = 1.0;
				PRODUCT_BUNDLE_IDENTIFIER = CircleYa.CircleYaUITests;
				PRODUCT_NAME = "$(TARGET_NAME)";
				SWIFT_EMIT_LOC_STRINGS = NO;
				SWIFT_VERSION = 5.0;
				TARGETED_DEVICE_FAMILY = "1,2";
				TEST_TARGET_NAME = CircleYa;
			};
			name = Debug;
		};
		C6852FA62E67B5F3000DBA3D /* Release */ = {
			isa = XCBuildConfiguration;
			buildSettings = {
				CODE_SIGN_STYLE = Automatic;
				CURRENT_PROJECT_VERSION = 1;
				GENERATE_INFOPLIST_FILE = YES;
				MARKETING_VERSION = 1.0;
				PRODUCT_BUNDLE_IDENTIFIER = CircleYa.CircleYaUITests;
				PRODUCT_NAME = "$(TARGET_NAME)";
				SWIFT_EMIT_LOC_STRINGS = NO;
				SWIFT_VERSION = 5.0;
				TARGETED_DEVICE_FAMILY = "1,2";
				TEST_TARGET_NAME = CircleYa;
			};
			name = Release;
		};
/* End XCBuildConfiguration section */

/* Begin XCConfigurationList section */
		C6852F782E67B5F2000DBA3D /* Build configuration list for PBXProject "CircleYa" */ = {
			isa = XCConfigurationList;
			buildConfigurations = (
				C6852F9C2E67B5F3000DBA3D /* Debug */,
				C6852F9D2E67B5F3000DBA3D /* Release */,
			);
			defaultConfigurationIsVisible = 0;
			defaultConfigurationName = Release;
		};
		C6852F9E2E67B5F3000DBA3D /* Build configuration list for PBXNativeTarget "CircleYa" */ = {
			isa = XCConfigurationList;
			buildConfigurations = (
				C6852F9F2E67B5F3000DBA3D /* Debug */,
				C6852FA02E67B5F3000DBA3D /* Release */,
			);
			defaultConfigurationIsVisible = 0;
			defaultConfigurationName = Release;
		};
		C6852FA12E67B5F3000DBA3D /* Build configuration list for PBXNativeTarget "CircleYaTests" */ = {
			isa = XCConfigurationList;
			buildConfigurations = (
				C6852FA22E67B5F3000DBA3D /* Debug */,
				C6852FA32E67B5F3000DBA3D /* Release */,
			);
			defaultConfigurationIsVisible = 0;
			defaultConfigurationName = Release;
		};
		C6852FA42E67B5F3000DBA3D /* Build configuration list for PBXNativeTarget "CircleYaUITests" */ = {
			isa = XCConfigurationList;
			buildConfigurations = (
				C6852FA52E67B5F3000DBA3D /* Debug */,
				C6852FA62E67B5F3000DBA3D /* Release */,
			);
			defaultConfigurationIsVisible = 0;
			defaultConfigurationName = Release;
		};
/* End XCConfigurationList section */

/* Begin XCRemoteSwiftPackageReference section */
		C68D8AA42E8A2D9700165A1A /* XCRemoteSwiftPackageReference "firebase-ios-sdk" */ = {
			isa = XCRemoteSwiftPackageReference;
			repositoryURL = "https://github.com/firebase/firebase-ios-sdk";
			requirement = {
				kind = upToNextMajorVersion;
				minimumVersion = 12.3.0;
			};
		};
/* End XCRemoteSwiftPackageReference section */

/* Begin XCSwiftPackageProductDependency section */
		C68D8AA52E8A2E6600165A1A /* FirebaseAI */ = {
			isa = XCSwiftPackageProductDependency;
			package = C68D8AA42E8A2D9700165A1A /* XCRemoteSwiftPackageReference "firebase-ios-sdk" */;
			productName = FirebaseAI;
		};
		C68D8AA72E8A2E6600165A1A /* FirebaseAnalytics */ = {
			isa = XCSwiftPackageProductDependency;
			package = C68D8AA42E8A2D9700165A1A /* XCRemoteSwiftPackageReference "firebase-ios-sdk" */;
			productName = FirebaseAnalytics;
		};
		C68D8AA92E8A2E6600165A1A /* FirebaseAnalyticsCore */ = {
			isa = XCSwiftPackageProductDependency;
			package = C68D8AA42E8A2D9700165A1A /* XCRemoteSwiftPackageReference "firebase-ios-sdk" */;
			productName = FirebaseAnalyticsCore;
		};
		C68D8AAB2E8A2E6600165A1A /* FirebaseAnalyticsIdentitySupport */ = {
			isa = XCSwiftPackageProductDependency;
			package = C68D8AA42E8A2D9700165A1A /* XCRemoteSwiftPackageReference "firebase-ios-sdk" */;
			productName = FirebaseAnalyticsIdentitySupport;
		};
		C68D8AAD2E8A2E6600165A1A /* FirebaseAppCheck */ = {
			isa = XCSwiftPackageProductDependency;
			package = C68D8AA42E8A2D9700165A1A /* XCRemoteSwiftPackageReference "firebase-ios-sdk" */;
			productName = FirebaseAppCheck;
		};
		C68D8AAF2E8A2E6600165A1A /* FirebaseAppDistribution-Beta */ = {
			isa = XCSwiftPackageProductDependency;
			package = C68D8AA42E8A2D9700165A1A /* XCRemoteSwiftPackageReference "firebase-ios-sdk" */;
			productName = "FirebaseAppDistribution-Beta";
		};
		C68D8AB12E8A2E6600165A1A /* FirebaseAuth */ = {
			isa = XCSwiftPackageProductDependency;
			package = C68D8AA42E8A2D9700165A1A /* XCRemoteSwiftPackageReference "firebase-ios-sdk" */;
			productName = FirebaseAuth;
		};
		C68D8AB32E8A2E6600165A1A /* FirebaseAuthCombine-Community */ = {
			isa = XCSwiftPackageProductDependency;
			package = C68D8AA42E8A2D9700165A1A /* XCRemoteSwiftPackageReference "firebase-ios-sdk" */;
			productName = "FirebaseAuthCombine-Community";
		};
		C68D8AB52E8A2E6600165A1A /* FirebaseCore */ = {
			isa = XCSwiftPackageProductDependency;
			package = C68D8AA42E8A2D9700165A1A /* XCRemoteSwiftPackageReference "firebase-ios-sdk" */;
			productName = FirebaseCore;
		};
		C68D8AB72E8A2E6600165A1A /* FirebaseCrashlytics */ = {
			isa = XCSwiftPackageProductDependency;
			package = C68D8AA42E8A2D9700165A1A /* XCRemoteSwiftPackageReference "firebase-ios-sdk" */;
			productName = FirebaseCrashlytics;
		};
		C68D8AB92E8A2E6600165A1A /* FirebaseDatabase */ = {
			isa = XCSwiftPackageProductDependency;
			package = C68D8AA42E8A2D9700165A1A /* XCRemoteSwiftPackageReference "firebase-ios-sdk" */;
			productName = FirebaseDatabase;
		};
		C68D8ABB2E8A2E6600165A1A /* FirebaseFirestore */ = {
			isa = XCSwiftPackageProductDependency;
			package = C68D8AA42E8A2D9700165A1A /* XCRemoteSwiftPackageReference "firebase-ios-sdk" */;
			productName = FirebaseFirestore;
		};
		C68D8ABD2E8A2E6600165A1A /* FirebaseFirestoreCombine-Community */ = {
			isa = XCSwiftPackageProductDependency;
			package = C68D8AA42E8A2D9700165A1A /* XCRemoteSwiftPackageReference "firebase-ios-sdk" */;
			productName = "FirebaseFirestoreCombine-Community";
		};
		C68D8ABF2E8A2E6600165A1A /* FirebaseFunctions */ = {
			isa = XCSwiftPackageProductDependency;
			package = C68D8AA42E8A2D9700165A1A /* XCRemoteSwiftPackageReference "firebase-ios-sdk" */;
			productName = FirebaseFunctions;
		};
		C68D8AC12E8A2E6600165A1A /* FirebaseFunctionsCombine-Community */ = {
			isa = XCSwiftPackageProductDependency;
			package = C68D8AA42E8A2D9700165A1A /* XCRemoteSwiftPackageReference "firebase-ios-sdk" */;
			productName = "FirebaseFunctionsCombine-Community";
		};
		C68D8AC32E8A2E6600165A1A /* FirebaseInAppMessaging-Beta */ = {
			isa = XCSwiftPackageProductDependency;
			package = C68D8AA42E8A2D9700165A1A /* XCRemoteSwiftPackageReference "firebase-ios-sdk" */;
			productName = "FirebaseInAppMessaging-Beta";
		};
		C68D8AC52E8A2E6600165A1A /* FirebaseInstallations */ = {
			isa = XCSwiftPackageProductDependency;
			package = C68D8AA42E8A2D9700165A1A /* XCRemoteSwiftPackageReference "firebase-ios-sdk" */;
			productName = FirebaseInstallations;
		};
		C68D8AC72E8A2E6600165A1A /* FirebaseMLModelDownloader */ = {
			isa = XCSwiftPackageProductDependency;
			package = C68D8AA42E8A2D9700165A1A /* XCRemoteSwiftPackageReference "firebase-ios-sdk" */;
			productName = FirebaseMLModelDownloader;
		};
		C68D8AC92E8A2E6600165A1A /* FirebaseMessaging */ = {
			isa = XCSwiftPackageProductDependency;
			package = C68D8AA42E8A2D9700165A1A /* XCRemoteSwiftPackageReference "firebase-ios-sdk" */;
			productName = FirebaseMessaging;
		};
		C68D8ACB2E8A2E6600165A1A /* FirebasePerformance */ = {
			isa = XCSwiftPackageProductDependency;
			package = C68D8AA42E8A2D9700165A1A /* XCRemoteSwiftPackageReference "firebase-ios-sdk" */;
			productName = FirebasePerformance;
		};
		C68D8ACD2E8A2E6600165A1A /* FirebaseRemoteConfig */ = {
			isa = XCSwiftPackageProductDependency;
			package = C68D8AA42E8A2D9700165A1A /* XCRemoteSwiftPackageReference "firebase-ios-sdk" */;
			productName = FirebaseRemoteConfig;
		};
		C68D8ACF2E8A2E6600165A1A /* FirebaseStorage */ = {
			isa = XCSwiftPackageProductDependency;
			package = C68D8AA42E8A2D9700165A1A /* XCRemoteSwiftPackageReference "firebase-ios-sdk" */;
			productName = FirebaseStorage;
		};
		C68D8AD12E8A2E6600165A1A /* FirebaseStorageCombine-Community */ = {
			isa = XCSwiftPackageProductDependency;
			package = C68D8AA42E8A2D9700165A1A /* XCRemoteSwiftPackageReference "firebase-ios-sdk" */;
			productName = "FirebaseStorageCombine-Community";
		};
/* End XCSwiftPackageProductDependency section */
	};
	rootObject = C6852F752E67B5F2000DBA3D /* Project object */;
}
